# THIS IS AN AUTOGENERATED FILE. DO NOT EDIT THIS FILE DIRECTLY.
# yarn lockfile v1


react-native-contacts@^2.2.5:
  version "2.2.5"
  resolved "https://registry.yarnpkg.com/react-native-contacts/-/react-native-contacts-2.2.5.tgz#5f7ff7b0310a095753ef0491d6e9453dcfc17ff8"
  integrity sha512-yorPL9PS/g3lKIczZZ18s+LI2+tPHfudsAwuEKA63VB0YteBb5Rz2NnMmBzvI3bRdvNgzzXoCPwxOzAHL0tt1g==
